// !$*UTF8*$!
{
	archiveVersion = 1;
	classes = {
	};
	objectVersion = 46;
	objects = {

/* Begin PBXBuildFile section */
		BCB19B0F180D601A00040AF3 /* Foundation.framework in Frameworks */ = {isa = PBXBuildFile; fileRef = BCB19B0E180D601A00040AF3 /* Foundation.framework */; };
		BCB19B11180D601A00040AF3 /* CoreGraphics.framework in Frameworks */ = {isa = PBXBuildFile; fileRef = BCB19B10180D601A00040AF3 /* CoreGraphics.framework */; };
		BCB19B13180D601A00040AF3 /* UIKit.framework in Frameworks */ = {isa = PBXBuildFile; fileRef = BCB19B12180D601A00040AF3 /* UIKit.framework */; };
		BCB19B19180D601A00040AF3 /* InfoPlist.strings in Resources */ = {isa = PBXBuildFile; fileRef = BCB19B17180D601A00040AF3 /* InfoPlist.strings */; };
		BCB19B1B180D601A00040AF3 /* main.m in Sources */ = {isa = PBXBuildFile; fileRef = BCB19B1A180D601A00040AF3 /* main.m */; };
		BCB19B1F180D601A00040AF3 /* AppDelegate.m in Sources */ = {isa = PBXBuildFile; fileRef = BCB19B1E180D601A00040AF3 /* AppDelegate.m */; };
		BCB19B22180D601A00040AF3 /* Main.storyboard in Resources */ = {isa = PBXBuildFile; fileRef = BCB19B20180D601A00040AF3 /* Main.storyboard */; };
		BCB19B25180D601A00040AF3 /* ViewController.m in Sources */ = {isa = PBXBuildFile; fileRef = BCB19B24180D601A00040AF3 /* ViewController.m */; };
		BCB19B27180D601A00040AF3 /* Images.xcassets in Resources */ = {isa = PBXBuildFile; fileRef = BCB19B26180D601A00040AF3 /* Images.xcassets */; };
		BCB19B2E180D601A00040AF3 /* XCTest.framework in Frameworks */ = {isa = PBXBuildFile; fileRef = BCB19B2D180D601A00040AF3 /* XCTest.framework */; };
		BCB19B2F180D601A00040AF3 /* Foundation.framework in Frameworks */ = {isa = PBXBuildFile; fileRef = BCB19B0E180D601A00040AF3 /* Foundation.framework */; };
		BCB19B30180D601A00040AF3 /* UIKit.framework in Frameworks */ = {isa = PBXBuildFile; fileRef = BCB19B12180D601A00040AF3 /* UIKit.framework */; };
		BCB19B38180D601A00040AF3 /* InfoPlist.strings in Resources */ = {isa = PBXBuildFile; fileRef = BCB19B36180D601A00040AF3 /* InfoPlist.strings */; };
		BCB19B3A180D601A00040AF3 /* FlipperTests.m in Sources */ = {isa = PBXBuildFile; fileRef = BCB19B39180D601A00040AF3 /* FlipperTests.m */; };
/* End PBXBuildFile section */

/* Begin PBXContainerItemProxy section */
		BCB19B31180D601A00040AF3 /* PBXContainerItemProxy */ = {
			isa = PBXContainerItemProxy;
			containerPortal = BCB19B03180D601A00040AF3 /* Project object */;
			proxyType = 1;
			remoteGlobalIDString = BCB19B0A180D601A00040AF3;
			remoteInfo = Flipper;
		};
/* End PBXContainerItemProxy section */

/* Begin PBXFileReference section */
		BCB19B0B180D601A00040AF3 /* Flipper.app */ = {isa = PBXFileReference; explicitFileType = wrapper.application; includeInIndex = 0; path = Flipper.app; sourceTree = BUILT_PRODUCTS_DIR; };
		BCB19B0E180D601A00040AF3 /* Foundation.framework */ = {isa = PBXFileReference; lastKnownFileType = wrapper.framework; name = Foundation.framework; path = System/Library/Frameworks/Foundation.framework; sourceTree = SDKROOT; };
		BCB19B10180D601A00040AF3 /* CoreGraphics.framework */ = {isa = PBXFileReference; lastKnownFileType = wrapper.framework; name = CoreGraphics.framework; path = System/Library/Frameworks/CoreGraphics.framework; sourceTree = SDKROOT; };
		BCB19B12180D601A00040AF3 /* UIKit.framework */ = {isa = PBXFileReference; lastKnownFileType = wrapper.framework; name = UIKit.framework; path = System/Library/Frameworks/UIKit.framework; sourceTree = SDKROOT; };
		BCB19B16180D601A00040AF3 /* Flipper-Info.plist */ = {isa = PBXFileReference; lastKnownFileType = text.plist.xml; path = "Flipper-Info.plist"; sourceTree = "<group>"; };
		BCB19B18180D601A00040AF3 /* en */ = {isa = PBXFileReference; lastKnownFileType = text.plist.strings; name = en; path = en.lproj/InfoPlist.strings; sourceTree = "<group>"; };
		BCB19B1A180D601A00040AF3 /* main.m */ = {isa = PBXFileReference; lastKnownFileType = sourcecode.c.objc; path = main.m; sourceTree = "<group>"; };
		BCB19B1C180D601A00040AF3 /* Flipper-Prefix.pch */ = {isa = PBXFileReference; lastKnownFileType = sourcecode.c.h; path = "Flipper-Prefix.pch"; sourceTree = "<group>"; };
		BCB19B1D180D601A00040AF3 /* AppDelegate.h */ = {isa = PBXFileReference; lastKnownFileType = sourcecode.c.h; path = AppDelegate.h; sourceTree = "<group>"; };
		BCB19B1E180D601A00040AF3 /* AppDelegate.m */ = {isa = PBXFileReference; lastKnownFileType = sourcecode.c.objc; path = AppDelegate.m; sourceTree = "<group>"; };
		BCB19B21180D601A00040AF3 /* Base */ = {isa = PBXFileReference; lastKnownFileType = file.storyboard; name = Base; path = Base.lproj/Main.storyboard; sourceTree = "<group>"; };
		BCB19B23180D601A00040AF3 /* ViewController.h */ = {isa = PBXFileReference; lastKnownFileType = sourcecode.c.h; path = ViewController.h; sourceTree = "<group>"; };
		BCB19B24180D601A00040AF3 /* ViewController.m */ = {isa = PBXFileReference; lastKnownFileType = sourcecode.c.objc; path = ViewController.m; sourceTree = "<group>"; };
		BCB19B26180D601A00040AF3 /* Images.xcassets */ = {isa = PBXFileReference; lastKnownFileType = folder.assetcatalog; path = Images.xcassets; sourceTree = "<group>"; };
		BCB19B2C180D601A00040AF3 /* FlipperTests.xctest */ = {isa = PBXFileReference; explicitFileType = wrapper.cfbundle; includeInIndex = 0; path = FlipperTests.xctest; sourceTree = BUILT_PRODUCTS_DIR; };
		BCB19B2D180D601A00040AF3 /* XCTest.framework */ = {isa = PBXFileReference; lastKnownFileType = wrapper.framework; name = XCTest.framework; path = Library/Frameworks/XCTest.framework; sourceTree = DEVELOPER_DIR; };
		BCB19B35180D601A00040AF3 /* FlipperTests-Info.plist */ = {isa = PBXFileReference; lastKnownFileType = text.plist.xml; path = "FlipperTests-Info.plist"; sourceTree = "<group>"; };
		BCB19B37180D601A00040AF3 /* en */ = {isa = PBXFileReference; lastKnownFileType = text.plist.strings; name = en; path = en.lproj/InfoPlist.strings; sourceTree = "<group>"; };
		BCB19B39180D601A00040AF3 /* FlipperTests.m */ = {isa = PBXFileReference; lastKnownFileType = sourcecode.c.objc; path = FlipperTests.m; sourceTree = "<group>"; };
/* End PBXFileReference section */

/* Begin PBXFrameworksBuildPhase section */
		BCB19B08180D601A00040AF3 /* Frameworks */ = {
			isa = PBXFrameworksBuildPhase;
			buildActionMask = 2147483647;
			files = (
				BCB19B11180D601A00040AF3 /* CoreGraphics.framework in Frameworks */,
				BCB19B13180D601A00040AF3 /* UIKit.framework in Frameworks */,
				BCB19B0F180D601A00040AF3 /* Foundation.framework in Frameworks */,
			);
			runOnlyForDeploymentPostprocessing = 0;
		};
		BCB19B29180D601A00040AF3 /* Frameworks */ = {
			isa = PBXFrameworksBuildPhase;
			buildActionMask = 2147483647;
			files = (
				BCB19B2E180D601A00040AF3 /* XCTest.framework in Frameworks */,
				BCB19B30180D601A00040AF3 /* UIKit.framework in Frameworks */,
				BCB19B2F180D601A00040AF3 /* Foundation.framework in Frameworks */,
			);
			runOnlyForDeploymentPostprocessing = 0;
		};
/* End PBXFrameworksBuildPhase section */

/* Begin PBXGroup section */
		BCB19B02180D601A00040AF3 = {
			isa = PBXGroup;
			children = (
				BCB19B14180D601A00040AF3 /* Flipper */,
				BCB19B33180D601A00040AF3 /* FlipperTests */,
				BCB19B0D180D601A00040AF3 /* Frameworks */,
				BCB19B0C180D601A00040AF3 /* Products */,
			);
			sourceTree = "<group>";
		};
		BCB19B0C180D601A00040AF3 /* Products */ = {
			isa = PBXGroup;
			children = (
				BCB19B0B180D601A00040AF3 /* Flipper.app */,
				BCB19B2C180D601A00040AF3 /* FlipperTests.xctest */,
			);
			name = Products;
			sourceTree = "<group>";
		};
		BCB19B0D180D601A00040AF3 /* Frameworks */ = {
			isa = PBXGroup;
			children = (
				BCB19B0E180D601A00040AF3 /* Foundation.framework */,
				BCB19B10180D601A00040AF3 /* CoreGraphics.framework */,
				BCB19B12180D601A00040AF3 /* UIKit.framework */,
				BCB19B2D180D601A00040AF3 /* XCTest.framework */,
			);
			name = Frameworks;
			sourceTree = "<group>";
		};
		BCB19B14180D601A00040AF3 /* Flipper */ = {
			isa = PBXGroup;
			children = (
				BCB19B1D180D601A00040AF3 /* AppDelegate.h */,
				BCB19B1E180D601A00040AF3 /* AppDelegate.m */,
				BCB19B20180D601A00040AF3 /* Main.storyboard */,
				BCB19B23180D601A00040AF3 /* ViewController.h */,
				BCB19B24180D601A00040AF3 /* ViewController.m */,
				BCB19B26180D601A00040AF3 /* Images.xcassets */,
				BCB19B15180D601A00040AF3 /* Supporting Files */,
			);
			path = Flipper;
			sourceTree = "<group>";
		};
		BCB19B15180D601A00040AF3 /* Supporting Files */ = {
			isa = PBXGroup;
			children = (
				BCB19B16180D601A00040AF3 /* Flipper-Info.plist */,
				BCB19B17180D601A00040AF3 /* InfoPlist.strings */,
				BCB19B1A180D601A00040AF3 /* main.m */,
				BCB19B1C180D601A00040AF3 /* Flipper-Prefix.pch */,
			);
			name = "Supporting Files";
			sourceTree = "<group>";
		};
		BCB19B33180D601A00040AF3 /* FlipperTests */ = {
			isa = PBXGroup;
			children = (
				BCB19B39180D601A00040AF3 /* FlipperTests.m */,
				BCB19B34180D601A00040AF3 /* Supporting Files */,
			);
			path = FlipperTests;
			sourceTree = "<group>";
		};
		BCB19B34180D601A00040AF3 /* Supporting Files */ = {
			isa = PBXGroup;
			children = (
				BCB19B35180D601A00040AF3 /* FlipperTests-Info.plist */,
				BCB19B36180D601A00040AF3 /* InfoPlist.strings */,
			);
			name = "Supporting Files";
			sourceTree = "<group>";
		};
/* End PBXGroup section */

/* Begin PBXNativeTarget section */
		BCB19B0A180D601A00040AF3 /* Flipper */ = {
			isa = PBXNativeTarget;
			buildConfigurationList = BCB19B3D180D601A00040AF3 /* Build configuration list for PBXNativeTarget "Flipper" */;
			buildPhases = (
				BCB19B07180D601A00040AF3 /* Sources */,
				BCB19B08180D601A00040AF3 /* Frameworks */,
				BCB19B09180D601A00040AF3 /* Resources */,
			);
			buildRules = (
			);
			dependencies = (
			);
			name = Flipper;
			productName = Flipper;
			productReference = BCB19B0B180D601A00040AF3 /* Flipper.app */;
			productType = "com.apple.product-type.application";
		};
		BCB19B2B180D601A00040AF3 /* FlipperTests */ = {
			isa = PBXNativeTarget;
			buildConfigurationList = BCB19B40180D601A00040AF3 /* Build configuration list for PBXNativeTarget "FlipperTests" */;
			buildPhases = (
				BCB19B28180D601A00040AF3 /* Sources */,
				BCB19B29180D601A00040AF3 /* Frameworks */,
				BCB19B2A180D601A00040AF3 /* Resources */,
			);
			buildRules = (
			);
			dependencies = (
				BCB19B32180D601A00040AF3 /* PBXTargetDependency */,
			);
			name = FlipperTests;
			productName = FlipperTests;
			productReference = BCB19B2C180D601A00040AF3 /* FlipperTests.xctest */;
			productType = "com.apple.product-type.bundle.unit-test";
		};
/* End PBXNativeTarget section */

/* Begin PBXProject section */
		BCB19B03180D601A00040AF3 /* Project object */ = {
			isa = PBXProject;
			attributes = {
				LastUpgradeCheck = 0500;
				ORGANIZATIONNAME = "Stuart Hall";
				TargetAttributes = {
					BCB19B2B180D601A00040AF3 = {
						TestTargetID = BCB19B0A180D601A00040AF3;
					};
				};
			};
			buildConfigurationList = BCB19B06180D601A00040AF3 /* Build configuration list for PBXProject "Flipper" */;
			compatibilityVersion = "Xcode 3.2";
			developmentRegion = English;
			hasScannedForEncodings = 0;
			knownRegions = (
				en,
				Base,
			);
			mainGroup = BCB19B02180D601A00040AF3;
			productRefGroup = BCB19B0C180D601A00040AF3 /* Products */;
			projectDirPath = "";
			projectRoot = "";
			targets = (
				BCB19B0A180D601A00040AF3 /* Flipper */,
				BCB19B2B180D601A00040AF3 /* FlipperTests */,
			);
		};
/* End PBXProject section */

/* Begin PBXResourcesBuildPhase section */
		BCB19B09180D601A00040AF3 /* Resources */ = {
			isa = PBXResourcesBuildPhase;
			buildActionMask = 2147483647;
			files = (
				BCB19B27180D601A00040AF3 /* Images.xcassets in Resources */,
				BCB19B19180D601A00040AF3 /* InfoPlist.strings in Resources */,
				BCB19B22180D601A00040AF3 /* Main.storyboard in Resources */,
			);
			runOnlyForDeploymentPostprocessing = 0;
		};
		BCB19B2A180D601A00040AF3 /* Resources */ = {
			isa = PBXResourcesBuildPhase;
			buildActionMask = 2147483647;
			files = (
				BCB19B38180D601A00040AF3 /* InfoPlist.strings in Resources */,
			);
			runOnlyForDeploymentPostprocessing = 0;
		};
/* End PBXResourcesBuildPhase section */

/* Begin PBXSourcesBuildPhase section */
		BCB19B07180D601A00040AF3 /* Sources */ = {
			isa = PBXSourcesBuildPhase;
			buildActionMask = 2147483647;
			files = (
				BCB19B25180D601A00040AF3 /* ViewController.m in Sources */,
				BCB19B1F180D601A00040AF3 /* AppDelegate.m in Sources */,
				BCB19B1B180D601A00040AF3 /* main.m in Sources */,
			);
			runOnlyForDeploymentPostprocessing = 0;
		};
		BCB19B28180D601A00040AF3 /* Sources */ = {
			isa = PBXSourcesBuildPhase;
			buildActionMask = 2147483647;
			files = (
				BCB19B3A180D601A00040AF3 /* FlipperTests.m in Sources */,
			);
			runOnlyForDeploymentPostprocessing = 0;
		};
/* End PBXSourcesBuildPhase section */

/* Begin PBXTargetDependency section */
		BCB19B32180D601A00040AF3 /* PBXTargetDependency */ = {
			isa = PBXTargetDependency;
			target = BCB19B0A180D601A00040AF3 /* Flipper */;
			targetProxy = BCB19B31180D601A00040AF3 /* PBXContainerItemProxy */;
		};
/* End PBXTargetDependency section */

/* Begin PBXVariantGroup section */
		BCB19B17180D601A00040AF3 /* InfoPlist.strings */ = {
			isa = PBXVariantGroup;
			children = (
				BCB19B18180D601A00040AF3 /* en */,
			);
			name = InfoPlist.strings;
			sourceTree = "<group>";
		};
		BCB19B20180D601A00040AF3 /* Main.storyboard */ = {
			isa = PBXVariantGroup;
			children = (
				BCB19B21180D601A00040AF3 /* Base */,
			);
			name = Main.storyboard;
			sourceTree = "<group>";
		};
		BCB19B36180D601A00040AF3 /* InfoPlist.strings */ = {
			isa = PBXVariantGroup;
			children = (
				BCB19B37180D601A00040AF3 /* en */,
			);
			name = InfoPlist.strings;
			sourceTree = "<group>";
		};
/* End PBXVariantGroup section */

/* Begin XCBuildConfiguration section */
		BCB19B3B180D601A00040AF3 /* Debug */ = {
			isa = XCBuildConfiguration;
			buildSettings = {
				ALWAYS_SEARCH_USER_PATHS = NO;
				ARCHS = "$(ARCHS_STANDARD_INCLUDING_64_BIT)";
				CLANG_CXX_LANGUAGE_STANDARD = "gnu++0x";
				CLANG_CXX_LIBRARY = "libc++";
				CLANG_ENABLE_MODULES = YES;
				CLANG_ENABLE_OBJC_ARC = YES;
				CLANG_WARN_BOOL_CONVERSION = YES;
				CLANG_WARN_CONSTANT_CONVERSION = YES;
				CLANG_WARN_DIRECT_OBJC_ISA_USAGE = YES_ERROR;
				CLANG_WARN_EMPTY_BODY = YES;
				CLANG_WARN_ENUM_CONVERSION = YES;
				CLANG_WARN_INT_CONVERSION = YES;
				CLANG_WARN_OBJC_ROOT_CLASS = YES_ERROR;
				CLANG_WARN__DUPLICATE_METHOD_MATCH = YES;
				"CODE_SIGN_IDENTITY[sdk=iphoneos*]" = "iPhone Developer";
				COPY_PHASE_STRIP = NO;
				GCC_C_LANGUAGE_STANDARD = gnu99;
				GCC_DYNAMIC_NO_PIC = NO;
				GCC_OPTIMIZATION_LEVEL = 0;
				GCC_PREPROCESSOR_DEFINITIONS = (
					"DEBUG=1",
					"$(inherited)",
				);
				GCC_SYMBOLS_PRIVATE_EXTERN = NO;
				GCC_WARN_64_TO_32_BIT_CONVERSION = YES;
				GCC_WARN_ABOUT_RETURN_TYPE = YES_ERROR;
				GCC_WARN_UNDECLARED_SELECTOR = YES;
				GCC_WARN_UNINITIALIZED_AUTOS = YES;
				GCC_WARN_UNUSED_FUNCTION = YES;
				GCC_WARN_UNUSED_VARIABLE = YES;
				IPHONEOS_DEPLOYMENT_TARGET = 7.0;
				ONLY_ACTIVE_ARCH = YES;
				SDKROOT = iphoneos;
			};
			name = Debug;
		};
		BCB19B3C180D601A00040AF3 /* Release */ = {
			isa = XCBuildConfiguration;
			buildSettings = {
				ALWAYS_SEARCH_USER_PATHS = NO;
				ARCHS = "$(ARCHS_STANDARD_INCLUDING_64_BIT)";
				CLANG_CXX_LANGUAGE_STANDARD = "gnu++0x";
				CLANG_CXX_LIBRARY = "libc++";
				CLANG_ENABLE_MODULES = YES;
				CLANG_ENABLE_OBJC_ARC = YES;
				CLANG_WARN_BOOL_CONVERSION = YES;
				CLANG_WARN_CONSTANT_CONVERSION = YES;
				CLANG_WARN_DIRECT_OBJC_ISA_USAGE = YES_ERROR;
				CLANG_WARN_EMPTY_BODY = YES;
				CLANG_WARN_ENUM_CONVERSION = YES;
				CLANG_WARN_INT_CONVERSION = YES;
				CLANG_WARN_OBJC_ROOT_CLASS = YES_ERROR;
				CLANG_WARN__DUPLICATE_METHOD_MATCH = YES;
				"CODE_SIGN_IDENTITY[sdk=iphoneos*]" = "iPhone Developer";
				COPY_PHASE_STRIP = YES;
				ENABLE_NS_ASSERTIONS = NO;
				GCC_C_LANGUAGE_STANDARD = gnu99;
				GCC_WARN_64_TO_32_BIT_CONVERSION = YES;
				GCC_WARN_ABOUT_RETURN_TYPE = YES_ERROR;
				GCC_WARN_UNDECLARED_SELECTOR = YES;
				GCC_WARN_UNINITIALIZED_AUTOS = YES;
				GCC_WARN_UNUSED_FUNCTION = YES;
				GCC_WARN_UNUSED_VARIABLE = YES;
				IPHONEOS_DEPLOYMENT_TARGET = 7.0;
				SDKROOT = iphoneos;
				VALIDATE_PRODUCT = YES;
			};
			name = Release;
		};
		BCB19B3E180D601A00040AF3 /* Debug */ = {
			isa = XCBuildConfiguration;
			buildSettings = {
				ASSETCATALOG_COMPILER_APPICON_NAME = AppIcon;
				ASSETCATALOG_COMPILER_LAUNCHIMAGE_NAME = LaunchImage;
				GCC_PRECOMPILE_PREFIX_HEADER = YES;
				GCC_PREFIX_HEADER = "Flipper/Flipper-Prefix.pch";
				INFOPLIST_FILE = "Flipper/Flipper-Info.plist";
				PRODUCT_NAME = "$(TARGET_NAME)";
				WRAPPER_EXTENSION = app;
			};
			name = Debug;
		};
		BCB19B3F180D601A00040AF3 /* Release */ = {
			isa = XCBuildConfiguration;
			buildSettings = {
				ASSETCATALOG_COMPILER_APPICON_NAME = AppIcon;
				ASSETCATALOG_COMPILER_LAUNCHIMAGE_NAME = LaunchImage;
				GCC_PRECOMPILE_PREFIX_HEADER = YES;
				GCC_PREFIX_HEADER = "Flipper/Flipper-Prefix.pch";
				INFOPLIST_FILE = "Flipper/Flipper-Info.plist";
				PRODUCT_NAME = "$(TARGET_NAME)";
				WRAPPER_EXTENSION = app;
			};
			name = Release;
		};
		BCB19B41180D601A00040AF3 /* Debug */ = {
			isa = XCBuildConfiguration;
			buildSettings = {
				ARCHS = "$(ARCHS_STANDARD_INCLUDING_64_BIT)";
				BUNDLE_LOADER = "$(BUILT_PRODUCTS_DIR)/Flipper.app/Flipper";
				FRAMEWORK_SEARCH_PATHS = (
					"$(SDKROOT)/Developer/Library/Frameworks",
					"$(inherited)",
					"$(DEVELOPER_FRAMEWORKS_DIR)",
				);
				GCC_PRECOMPILE_PREFIX_HEADER = YES;
				GCC_PREFIX_HEADER = "Flipper/Flipper-Prefix.pch";
				GCC_PREPROCESSOR_DEFINITIONS = (
					"DEBUG=1",
					"$(inherited)",
				);
				INFOPLIST_FILE = "FlipperTests/FlipperTests-Info.plist";
				PRODUCT_NAME = "$(TARGET_NAME)";
				TEST_HOST = "$(BUNDLE_LOADER)";
				WRAPPER_EXTENSION = xctest;
			};
			name = Debug;
		};
		BCB19B42180D601A00040AF3 /* Release */ = {
			isa = XCBuildConfiguration;
			buildSettings = {
				ARCHS = "$(ARCHS_STANDARD_INCLUDING_64_BIT)";
				BUNDLE_LOADER = "$(BUILT_PRODUCTS_DIR)/Flipper.app/Flipper";
				FRAMEWORK_SEARCH_PATHS = (
					"$(SDKROOT)/Developer/Library/Frameworks",
					"$(inherited)",
					"$(DEVELOPER_FRAMEWORKS_DIR)",
				);
				GCC_PRECOMPILE_PREFIX_HEADER = YES;
				GCC_PREFIX_HEADER = "Flipper/Flipper-Prefix.pch";
				INFOPLIST_FILE = "FlipperTests/FlipperTests-Info.plist";
				PRODUCT_NAME = "$(TARGET_NAME)";
				TEST_HOST = "$(BUNDLE_LOADER)";
				WRAPPER_EXTENSION = xctest;
			};
			name = Release;
		};
/* End XCBuildConfiguration section */

/* Begin XCConfigurationList section */
		BCB19B06180D601A00040AF3 /* Build configuration list for PBXProject "Flipper" */ = {
			isa = XCConfigurationList;
			buildConfigurations = (
				BCB19B3B180D601A00040AF3 /* Debug */,
				BCB19B3C180D601A00040AF3 /* Release */,
			);
			defaultConfigurationIsVisible = 0;
			defaultConfigurationName = Release;
		};
		BCB19B3D180D601A00040AF3 /* Build configuration list for PBXNativeTarget "Flipper" */ = {
			isa = XCConfigurationList;
			buildConfigurations = (
				BCB19B3E180D601A00040AF3 /* Debug */,
				BCB19B3F180D601A00040AF3 /* Release */,
			);
			defaultConfigurationIsVisible = 0;
			defaultConfigurationName = Release;
		};
		BCB19B40180D601A00040AF3 /* Build configuration list for PBXNativeTarget "FlipperTests" */ = {
			isa = XCConfigurationList;
			buildConfigurations = (
				BCB19B41180D601A00040AF3 /* Debug */,
				BCB19B42180D601A00040AF3 /* Release */,
			);
			defaultConfigurationIsVisible = 0;
			defaultConfigurationName = Release;
		};
/* End XCConfigurationList section */
	};
	rootObject = BCB19B03180D601A00040AF3 /* Project object */;
}
